
Microsoft Visual Studio Solution File, Format Version 12.00
# Visual Studio Version 17
VisualStudioVersion = 17.10.34928.147
MinimumVisualStudioVersion = 10.0.40219.1
Project("{FAE04EC0-301F-11D3-BF4B-00C04F79EFBC}") = "Lab_SingleClientServer_2022", "Lab_SingleClientServer_2022\Lab_SingleClientServer_2022.csproj", "{088AD362-FDD3-4530-883F-C7DD37E8E013}"
EndProject
Global
	GlobalSection(SolutionConfigurationPlatforms) = preSolution
		Debug|Any CPU = Debug|Any CPU
		Release|Any CPU = Release|Any CPU
	EndGlobalSection
	GlobalSection(ProjectConfigurationPlatforms) = postSolution
		{088AD362-FDD3-4530-883F-C7DD37E8E013}.Debug|Any CPU.ActiveCfg = Debug|Any CPU
		{088AD362-FDD3-4530-883F-C7DD37E8E013}.Debug|Any CPU.Build.0 = Debug|Any CPU
		{088AD362-FDD3-4530-883F-C7DD37E8E013}.Release|Any CPU.ActiveCfg = Release|Any CPU
		{088AD362-FDD3-4530-883F-C7DD37E8E013}.Release|Any CPU.Build.0 = Release|Any CPU
	EndGlobalSection
	GlobalSection(SolutionProperties) = preSolution
		HideSolutionNode = FALSE
	EndGlobalSection
	GlobalSection(ExtensibilityGlobals) = postSolution
		SolutionGuid = {068B8BCB-DBA4-4A68-B2BF-6DE8AFBE94EE}
	EndGlobalSection
EndGlobal
