
Microsoft Visual Studio Solution File, Format Version 11.00
# Visual Studio 2010
Project("{FAE04EC0-301F-11D3-BF4B-00C04F79EFBC}") = "GDD4500_ClientServer", "GDD4500_ClientServer\GDD4500_ClientServer.csproj", "{5EFB1F1A-247A-471E-A4E9-767C16DA122E}"
EndProject
Global
	GlobalSection(SolutionConfigurationPlatforms) = preSolution
		Debug|x86 = Debug|x86
		Release|x86 = Release|x86
	EndGlobalSection
	GlobalSection(ProjectConfigurationPlatforms) = postSolution
		{5EFB1F1A-247A-471E-A4E9-767C16DA122E}.Debug|x86.ActiveCfg = Debug|x86
		{5EFB1F1A-247A-471E-A4E9-767C16DA122E}.Debug|x86.Build.0 = Debug|x86
		{5EFB1F1A-247A-471E-A4E9-767C16DA122E}.Release|x86.ActiveCfg = Release|x86
		{5EFB1F1A-247A-471E-A4E9-767C16DA122E}.Release|x86.Build.0 = Release|x86
	EndGlobalSection
	GlobalSection(SolutionProperties) = preSolution
		HideSolutionNode = FALSE
	EndGlobalSection
EndGlobal
