
Microsoft Visual Studio Solution File, Format Version 12.00
# Visual Studio Version 17
VisualStudioVersion = 17.10.34928.147
MinimumVisualStudioVersion = 10.0.40219.1
Project("{FAE04EC0-301F-11D3-BF4B-00C04F79EFBC}") = "Single_Server", "Single_Server\Single_Server.csproj", "{92C3C5F3-3CB9-4CD6-B8AE-28E74A14C4CB}"
EndProject
Global
	GlobalSection(SolutionConfigurationPlatforms) = preSolution
		Debug|Any CPU = Debug|Any CPU
		Release|Any CPU = Release|Any CPU
	EndGlobalSection
	GlobalSection(ProjectConfigurationPlatforms) = postSolution
		{92C3C5F3-3CB9-4CD6-B8AE-28E74A14C4CB}.Debug|Any CPU.ActiveCfg = Debug|Any CPU
		{92C3C5F3-3CB9-4CD6-B8AE-28E74A14C4CB}.Debug|Any CPU.Build.0 = Debug|Any CPU
		{92C3C5F3-3CB9-4CD6-B8AE-28E74A14C4CB}.Release|Any CPU.ActiveCfg = Release|Any CPU
		{92C3C5F3-3CB9-4CD6-B8AE-28E74A14C4CB}.Release|Any CPU.Build.0 = Release|Any CPU
	EndGlobalSection
	GlobalSection(SolutionProperties) = preSolution
		HideSolutionNode = FALSE
	EndGlobalSection
	GlobalSection(ExtensibilityGlobals) = postSolution
		SolutionGuid = {932D7605-B5F9-41AF-ACCD-D4ECCCB7BFB1}
	EndGlobalSection
EndGlobal
